
Microsoft Visual Studio Solution File, Format Version 12.00
# Visual Studio 2013
VisualStudioVersion = 12.0.21005.1
MinimumVisualStudioVersion = 10.0.40219.1
Project("{FAE04EC0-301F-11D3-BF4B-00C04F79EFBC}") = "GuestBook", "GuestBook\GuestBook.csproj", "{306A6773-659F-452A-80FC-32C888B2F93E}"
EndProject
Project("{2150E333-8FDC-42A3-9474-1A3956D46DE8}") = ".nuget", ".nuget", "{D854C0E6-C182-4176-B1D1-BA2F896BC6C2}"
	ProjectSection(SolutionItems) = preProject
		.nuget\packages.config = .nuget\packages.config
	EndProjectSection
EndProject
Project("{FAE04EC0-301F-11D3-BF4B-00C04F79EFBC}") = "DomainModel", "DomainModel\DomainModel.csproj", "{645BB4B7-74A5-430C-8077-AD376EC50DC9}"
EndProject
Project("{FAE04EC0-301F-11D3-BF4B-00C04F79EFBC}") = "FacadeServices", "FacadeServices\FacadeServices.csproj", "{C2268C7D-91AA-4F60-81A8-8770E489FBFE}"
EndProject
Global
	GlobalSection(SolutionConfigurationPlatforms) = preSolution
		Debug|Any CPU = Debug|Any CPU
		Release|Any CPU = Release|Any CPU
	EndGlobalSection
	GlobalSection(ProjectConfigurationPlatforms) = postSolution
		{306A6773-659F-452A-80FC-32C888B2F93E}.Debug|Any CPU.ActiveCfg = Debug|Any CPU
		{306A6773-659F-452A-80FC-32C888B2F93E}.Debug|Any CPU.Build.0 = Debug|Any CPU
		{306A6773-659F-452A-80FC-32C888B2F93E}.Release|Any CPU.ActiveCfg = Release|Any CPU
		{306A6773-659F-452A-80FC-32C888B2F93E}.Release|Any CPU.Build.0 = Release|Any CPU
		{645BB4B7-74A5-430C-8077-AD376EC50DC9}.Debug|Any CPU.ActiveCfg = Debug|Any CPU
		{645BB4B7-74A5-430C-8077-AD376EC50DC9}.Debug|Any CPU.Build.0 = Debug|Any CPU
		{645BB4B7-74A5-430C-8077-AD376EC50DC9}.Release|Any CPU.ActiveCfg = Release|Any CPU
		{645BB4B7-74A5-430C-8077-AD376EC50DC9}.Release|Any CPU.Build.0 = Release|Any CPU
		{C2268C7D-91AA-4F60-81A8-8770E489FBFE}.Debug|Any CPU.ActiveCfg = Debug|Any CPU
		{C2268C7D-91AA-4F60-81A8-8770E489FBFE}.Debug|Any CPU.Build.0 = Debug|Any CPU
		{C2268C7D-91AA-4F60-81A8-8770E489FBFE}.Release|Any CPU.ActiveCfg = Release|Any CPU
		{C2268C7D-91AA-4F60-81A8-8770E489FBFE}.Release|Any CPU.Build.0 = Release|Any CPU
	EndGlobalSection
	GlobalSection(SolutionProperties) = preSolution
		HideSolutionNode = FALSE
	EndGlobalSection
EndGlobal
